
Microsoft Visual Studio Solution File, Format Version 12.00
Project("{FAE04EC0-301F-11D3-BF4B-00C04F79EFBC}") = "lab3", "lab3\lab3.csproj", "{039CCCED-7730-4D6F-ADCE-83D1DDB1A8CF}"
EndProject
Project("{FAE04EC0-301F-11D3-BF4B-00C04F79EFBC}") = "lab2", "lab2\lab2.csproj", "{B2C6BD0F-3D8E-4D07-9572-D5AF7C84E7DD}"
EndProject
Project("{FAE04EC0-301F-11D3-BF4B-00C04F79EFBC}") = "lab3-ex1", "lab3-ex1\lab3-ex1.csproj", "{3025BD53-0F4C-4AAC-AD9F-BE3F4DCAEA46}"
EndProject
Global
	GlobalSection(SolutionConfigurationPlatforms) = preSolution
		Debug|Any CPU = Debug|Any CPU
		Release|Any CPU = Release|Any CPU
	EndGlobalSection
	GlobalSection(ProjectConfigurationPlatforms) = postSolution
		{039CCCED-7730-4D6F-ADCE-83D1DDB1A8CF}.Debug|Any CPU.ActiveCfg = Debug|Any CPU
		{039CCCED-7730-4D6F-ADCE-83D1DDB1A8CF}.Debug|Any CPU.Build.0 = Debug|Any CPU
		{039CCCED-7730-4D6F-ADCE-83D1DDB1A8CF}.Release|Any CPU.ActiveCfg = Release|Any CPU
		{039CCCED-7730-4D6F-ADCE-83D1DDB1A8CF}.Release|Any CPU.Build.0 = Release|Any CPU
		{B2C6BD0F-3D8E-4D07-9572-D5AF7C84E7DD}.Debug|Any CPU.ActiveCfg = Debug|Any CPU
		{B2C6BD0F-3D8E-4D07-9572-D5AF7C84E7DD}.Debug|Any CPU.Build.0 = Debug|Any CPU
		{B2C6BD0F-3D8E-4D07-9572-D5AF7C84E7DD}.Release|Any CPU.ActiveCfg = Release|Any CPU
		{B2C6BD0F-3D8E-4D07-9572-D5AF7C84E7DD}.Release|Any CPU.Build.0 = Release|Any CPU
		{3025BD53-0F4C-4AAC-AD9F-BE3F4DCAEA46}.Debug|Any CPU.ActiveCfg = Debug|Any CPU
		{3025BD53-0F4C-4AAC-AD9F-BE3F4DCAEA46}.Debug|Any CPU.Build.0 = Debug|Any CPU
		{3025BD53-0F4C-4AAC-AD9F-BE3F4DCAEA46}.Release|Any CPU.ActiveCfg = Release|Any CPU
		{3025BD53-0F4C-4AAC-AD9F-BE3F4DCAEA46}.Release|Any CPU.Build.0 = Release|Any CPU
	EndGlobalSection
EndGlobal
